
Microsoft Visual Studio Solution File, Format Version 12.00
# Visual Studio 2012
Project("{FAE04EC0-301F-11D3-BF4B-00C04F79EFBC}") = "2_16_GetString", "2_2\2_16_GetString.csproj", "{C1444EBE-9D6D-486D-92B6-D389E75CE124}"
EndProject
Project("{FAE04EC0-301F-11D3-BF4B-00C04F79EFBC}") = "2_17_Calculator", "2_3_Calculator\2_17_Calculator.csproj", "{D74AA51B-BB20-4E32-BB77-C3753F61C4B1}"
EndProject
Project("{FAE04EC0-301F-11D3-BF4B-00C04F79EFBC}") = "2_18_Encrypt", "2_18\2_18_Encrypt.csproj", "{953DF559-69AF-4665-AB25-A37B7521E499}"
EndProject
Project("{FAE04EC0-301F-11D3-BF4B-00C04F79EFBC}") = "2_19_GetCode", "2_19_GetCode\2_19_GetCode.csproj", "{2A871A7F-6BAE-4CD4-841C-6449A0B47637}"
EndProject
Project("{FAE04EC0-301F-11D3-BF4B-00C04F79EFBC}") = "2_20_GetYear", "2_20_GetYear\2_20_GetYear.csproj", "{C73F471D-A066-48F2-B486-6923A58A74A7}"
EndProject
Project("{FAE04EC0-301F-11D3-BF4B-00C04F79EFBC}") = "2_23_TypeOf", "2_23_TypeOf\2_23_TypeOf.csproj", "{6AEDEE29-8356-433C-A52D-03D5C91534BF}"
EndProject
Project("{FAE04EC0-301F-11D3-BF4B-00C04F79EFBC}") = "2_24_Using", "2_24_Using\2_24_Using.csproj", "{7839E503-EE36-486C-9B5A-BD278D45DDA0}"
EndProject
Project("{FAE04EC0-301F-11D3-BF4B-00C04F79EFBC}") = "2_25_Equal", "2_25_Equal\2_25_Equal.csproj", "{28C011C6-08AE-4E50-9480-831F3339A062}"
EndProject
Project("{FAE04EC0-301F-11D3-BF4B-00C04F79EFBC}") = "2_26_Transform", "2_26_Transform\2_26_Transform.csproj", "{E58969C0-6BCB-4EF7-8733-6689B4256A2C}"
EndProject
Project("{FAE04EC0-301F-11D3-BF4B-00C04F79EFBC}") = "2_29_GetSeason", "2_29_GetSeason\2_29_GetSeason.csproj", "{68C57387-6F82-405B-9D9C-0C1EB04E55EC}"
EndProject
Project("{FAE04EC0-301F-11D3-BF4B-00C04F79EFBC}") = "2_33_NumGame", "2_33_NumGame\2_33_NumGame.csproj", "{05492D82-D388-42A3-8DA6-B2E23EF5E09B}"
EndProject
Global
	GlobalSection(SolutionConfigurationPlatforms) = preSolution
		Debug|Any CPU = Debug|Any CPU
		Release|Any CPU = Release|Any CPU
	EndGlobalSection
	GlobalSection(ProjectConfigurationPlatforms) = postSolution
		{C1444EBE-9D6D-486D-92B6-D389E75CE124}.Debug|Any CPU.ActiveCfg = Debug|Any CPU
		{C1444EBE-9D6D-486D-92B6-D389E75CE124}.Debug|Any CPU.Build.0 = Debug|Any CPU
		{C1444EBE-9D6D-486D-92B6-D389E75CE124}.Release|Any CPU.ActiveCfg = Release|Any CPU
		{C1444EBE-9D6D-486D-92B6-D389E75CE124}.Release|Any CPU.Build.0 = Release|Any CPU
		{D74AA51B-BB20-4E32-BB77-C3753F61C4B1}.Debug|Any CPU.ActiveCfg = Debug|Any CPU
		{D74AA51B-BB20-4E32-BB77-C3753F61C4B1}.Debug|Any CPU.Build.0 = Debug|Any CPU
		{D74AA51B-BB20-4E32-BB77-C3753F61C4B1}.Release|Any CPU.ActiveCfg = Release|Any CPU
		{D74AA51B-BB20-4E32-BB77-C3753F61C4B1}.Release|Any CPU.Build.0 = Release|Any CPU
		{953DF559-69AF-4665-AB25-A37B7521E499}.Debug|Any CPU.ActiveCfg = Debug|Any CPU
		{953DF559-69AF-4665-AB25-A37B7521E499}.Debug|Any CPU.Build.0 = Debug|Any CPU
		{953DF559-69AF-4665-AB25-A37B7521E499}.Release|Any CPU.ActiveCfg = Release|Any CPU
		{953DF559-69AF-4665-AB25-A37B7521E499}.Release|Any CPU.Build.0 = Release|Any CPU
		{2A871A7F-6BAE-4CD4-841C-6449A0B47637}.Debug|Any CPU.ActiveCfg = Debug|Any CPU
		{2A871A7F-6BAE-4CD4-841C-6449A0B47637}.Debug|Any CPU.Build.0 = Debug|Any CPU
		{2A871A7F-6BAE-4CD4-841C-6449A0B47637}.Release|Any CPU.ActiveCfg = Release|Any CPU
		{2A871A7F-6BAE-4CD4-841C-6449A0B47637}.Release|Any CPU.Build.0 = Release|Any CPU
		{C73F471D-A066-48F2-B486-6923A58A74A7}.Debug|Any CPU.ActiveCfg = Debug|Any CPU
		{C73F471D-A066-48F2-B486-6923A58A74A7}.Debug|Any CPU.Build.0 = Debug|Any CPU
		{C73F471D-A066-48F2-B486-6923A58A74A7}.Release|Any CPU.ActiveCfg = Release|Any CPU
		{C73F471D-A066-48F2-B486-6923A58A74A7}.Release|Any CPU.Build.0 = Release|Any CPU
		{6AEDEE29-8356-433C-A52D-03D5C91534BF}.Debug|Any CPU.ActiveCfg = Debug|Any CPU
		{6AEDEE29-8356-433C-A52D-03D5C91534BF}.Debug|Any CPU.Build.0 = Debug|Any CPU
		{6AEDEE29-8356-433C-A52D-03D5C91534BF}.Release|Any CPU.ActiveCfg = Release|Any CPU
		{6AEDEE29-8356-433C-A52D-03D5C91534BF}.Release|Any CPU.Build.0 = Release|Any CPU
		{7839E503-EE36-486C-9B5A-BD278D45DDA0}.Debug|Any CPU.ActiveCfg = Debug|Any CPU
		{7839E503-EE36-486C-9B5A-BD278D45DDA0}.Debug|Any CPU.Build.0 = Debug|Any CPU
		{7839E503-EE36-486C-9B5A-BD278D45DDA0}.Release|Any CPU.ActiveCfg = Release|Any CPU
		{7839E503-EE36-486C-9B5A-BD278D45DDA0}.Release|Any CPU.Build.0 = Release|Any CPU
		{28C011C6-08AE-4E50-9480-831F3339A062}.Debug|Any CPU.ActiveCfg = Debug|Any CPU
		{28C011C6-08AE-4E50-9480-831F3339A062}.Debug|Any CPU.Build.0 = Debug|Any CPU
		{28C011C6-08AE-4E50-9480-831F3339A062}.Release|Any CPU.ActiveCfg = Release|Any CPU
		{28C011C6-08AE-4E50-9480-831F3339A062}.Release|Any CPU.Build.0 = Release|Any CPU
		{E58969C0-6BCB-4EF7-8733-6689B4256A2C}.Debug|Any CPU.ActiveCfg = Debug|Any CPU
		{E58969C0-6BCB-4EF7-8733-6689B4256A2C}.Debug|Any CPU.Build.0 = Debug|Any CPU
		{E58969C0-6BCB-4EF7-8733-6689B4256A2C}.Release|Any CPU.ActiveCfg = Release|Any CPU
		{E58969C0-6BCB-4EF7-8733-6689B4256A2C}.Release|Any CPU.Build.0 = Release|Any CPU
		{68C57387-6F82-405B-9D9C-0C1EB04E55EC}.Debug|Any CPU.ActiveCfg = Debug|Any CPU
		{68C57387-6F82-405B-9D9C-0C1EB04E55EC}.Debug|Any CPU.Build.0 = Debug|Any CPU
		{68C57387-6F82-405B-9D9C-0C1EB04E55EC}.Release|Any CPU.ActiveCfg = Release|Any CPU
		{68C57387-6F82-405B-9D9C-0C1EB04E55EC}.Release|Any CPU.Build.0 = Release|Any CPU
		{05492D82-D388-42A3-8DA6-B2E23EF5E09B}.Debug|Any CPU.ActiveCfg = Debug|Any CPU
		{05492D82-D388-42A3-8DA6-B2E23EF5E09B}.Debug|Any CPU.Build.0 = Debug|Any CPU
		{05492D82-D388-42A3-8DA6-B2E23EF5E09B}.Release|Any CPU.ActiveCfg = Release|Any CPU
		{05492D82-D388-42A3-8DA6-B2E23EF5E09B}.Release|Any CPU.Build.0 = Release|Any CPU
	EndGlobalSection
	GlobalSection(SolutionProperties) = preSolution
		HideSolutionNode = FALSE
	EndGlobalSection
EndGlobal
